// !$*UTF8*$!
{
	archiveVersion = 1;
	classes = {
	};
	objectVersion = 50;
	objects = {

/* Begin PBXBuildFile section */
		95379F0625F8008100DB609F /* WatchOSWeartherAppWithCoreLocationsApp.swift in Sources */ = {isa = PBXBuildFile; fileRef = 95379F0525F8008100DB609F /* WatchOSWeartherAppWithCoreLocationsApp.swift */; };
		95379F0825F8008100DB609F /* ContentView.swift in Sources */ = {isa = PBXBuildFile; fileRef = 95379F0725F8008100DB609F /* ContentView.swift */; };
		95379F0A25F8008200DB609F /* Assets.xcassets in Resources */ = {isa = PBXBuildFile; fileRef = 95379F0925F8008200DB609F /* Assets.xcassets */; };
		95379F0D25F8008200DB609F /* Preview Assets.xcassets in Resources */ = {isa = PBXBuildFile; fileRef = 95379F0C25F8008200DB609F /* Preview Assets.xcassets */; };
		95379F1A25F8025F00DB609F /* NetworkManager.swift in Sources */ = {isa = PBXBuildFile; fileRef = 95379F1925F8025F00DB609F /* NetworkManager.swift */; };
		95379F1D25F8056300DB609F /* WeatherResponse.swift in Sources */ = {isa = PBXBuildFile; fileRef = 95379F1C25F8056300DB609F /* WeatherResponse.swift */; };
		95379F2025F8059000DB609F /* WeatherModel.swift in Sources */ = {isa = PBXBuildFile; fileRef = 95379F1F25F8059000DB609F /* WeatherModel.swift */; };
		95379F2325F806F600DB609F /* WeatherCoordinates.swift in Sources */ = {isa = PBXBuildFile; fileRef = 95379F2225F806F600DB609F /* WeatherCoordinates.swift */; };
/* End PBXBuildFile section */

/* Begin PBXFileReference section */
		95379F0225F8008100DB609F /* WatchOSWeartherAppWithCoreLocations.app */ = {isa = PBXFileReference; explicitFileType = wrapper.application; includeInIndex = 0; path = WatchOSWeartherAppWithCoreLocations.app; sourceTree = BUILT_PRODUCTS_DIR; };
		95379F0525F8008100DB609F /* WatchOSWeartherAppWithCoreLocationsApp.swift */ = {isa = PBXFileReference; lastKnownFileType = sourcecode.swift; path = WatchOSWeartherAppWithCoreLocationsApp.swift; sourceTree = "<group>"; };
		95379F0725F8008100DB609F /* ContentView.swift */ = {isa = PBXFileReference; lastKnownFileType = sourcecode.swift; path = ContentView.swift; sourceTree = "<group>"; };
		95379F0925F8008200DB609F /* Assets.xcassets */ = {isa = PBXFileReference; lastKnownFileType = folder.assetcatalog; path = Assets.xcassets; sourceTree = "<group>"; };
		95379F0C25F8008200DB609F /* Preview Assets.xcassets */ = {isa = PBXFileReference; lastKnownFileType = folder.assetcatalog; path = "Preview Assets.xcassets"; sourceTree = "<group>"; };
		95379F0E25F8008200DB609F /* Info.plist */ = {isa = PBXFileReference; lastKnownFileType = text.plist.xml; path = Info.plist; sourceTree = "<group>"; };
		95379F1925F8025F00DB609F /* NetworkManager.swift */ = {isa = PBXFileReference; lastKnownFileType = sourcecode.swift; path = NetworkManager.swift; sourceTree = "<group>"; };
		95379F1C25F8056300DB609F /* WeatherResponse.swift */ = {isa = PBXFileReference; lastKnownFileType = sourcecode.swift; path = WeatherResponse.swift; sourceTree = "<group>"; };
		95379F1F25F8059000DB609F /* WeatherModel.swift */ = {isa = PBXFileReference; lastKnownFileType = sourcecode.swift; path = WeatherModel.swift; sourceTree = "<group>"; };
		95379F2225F806F600DB609F /* WeatherCoordinates.swift */ = {isa = PBXFileReference; lastKnownFileType = sourcecode.swift; path = WeatherCoordinates.swift; sourceTree = "<group>"; };
/* End PBXFileReference section */

/* Begin PBXFrameworksBuildPhase section */
		95379EFF25F8008100DB609F /* Frameworks */ = {
			isa = PBXFrameworksBuildPhase;
			buildActionMask = 2147483647;
			files = (
			);
			runOnlyForDeploymentPostprocessing = 0;
		};
/* End PBXFrameworksBuildPhase section */

/* Begin PBXGroup section */
		95379EF925F8008100DB609F = {
			isa = PBXGroup;
			children = (
				95379F0425F8008100DB609F /* WatchOSWeartherAppWithCoreLocations */,
				95379F0325F8008100DB609F /* Products */,
			);
			sourceTree = "<group>";
		};
		95379F0325F8008100DB609F /* Products */ = {
			isa = PBXGroup;
			children = (
				95379F0225F8008100DB609F /* WatchOSWeartherAppWithCoreLocations.app */,
			);
			name = Products;
			sourceTree = "<group>";
		};
		95379F0425F8008100DB609F /* WatchOSWeartherAppWithCoreLocations */ = {
			isa = PBXGroup;
			children = (
				95379F1725F8010C00DB609F /* Managers */,
				95379F1625F8010000DB609F /* Models */,
				95379F1525F800ED00DB609F /* Views */,
				95379F0525F8008100DB609F /* WatchOSWeartherAppWithCoreLocationsApp.swift */,
				95379F0725F8008100DB609F /* ContentView.swift */,
				95379F0925F8008200DB609F /* Assets.xcassets */,
				95379F0E25F8008200DB609F /* Info.plist */,
				95379F0B25F8008200DB609F /* Preview Content */,
			);
			path = WatchOSWeartherAppWithCoreLocations;
			sourceTree = "<group>";
		};
		95379F0B25F8008200DB609F /* Preview Content */ = {
			isa = PBXGroup;
			children = (
				95379F0C25F8008200DB609F /* Preview Assets.xcassets */,
			);
			path = "Preview Content";
			sourceTree = "<group>";
		};
		95379F1525F800ED00DB609F /* Views */ = {
			isa = PBXGroup;
			children = (
			);
			path = Views;
			sourceTree = "<group>";
		};
		95379F1625F8010000DB609F /* Models */ = {
			isa = PBXGroup;
			children = (
				95379F1C25F8056300DB609F /* WeatherResponse.swift */,
				95379F1F25F8059000DB609F /* WeatherModel.swift */,
				95379F2225F806F600DB609F /* WeatherCoordinates.swift */,
			);
			path = Models;
			sourceTree = "<group>";
		};
		95379F1725F8010C00DB609F /* Managers */ = {
			isa = PBXGroup;
			children = (
				95379F1925F8025F00DB609F /* NetworkManager.swift */,
			);
			path = Managers;
			sourceTree = "<group>";
		};
/* End PBXGroup section */

/* Begin PBXNativeTarget section */
		95379F0125F8008100DB609F /* WatchOSWeartherAppWithCoreLocations */ = {
			isa = PBXNativeTarget;
			buildConfigurationList = 95379F1125F8008200DB609F /* Build configuration list for PBXNativeTarget "WatchOSWeartherAppWithCoreLocations" */;
			buildPhases = (
				95379EFE25F8008100DB609F /* Sources */,
				95379EFF25F8008100DB609F /* Frameworks */,
				95379F0025F8008100DB609F /* Resources */,
			);
			buildRules = (
			);
			dependencies = (
			);
			name = WatchOSWeartherAppWithCoreLocations;
			productName = WatchOSWeartherAppWithCoreLocations;
			productReference = 95379F0225F8008100DB609F /* WatchOSWeartherAppWithCoreLocations.app */;
			productType = "com.apple.product-type.application";
		};
/* End PBXNativeTarget section */

/* Begin PBXProject section */
		95379EFA25F8008100DB609F /* Project object */ = {
			isa = PBXProject;
			attributes = {
				LastSwiftUpdateCheck = 1240;
				LastUpgradeCheck = 1240;
				TargetAttributes = {
					95379F0125F8008100DB609F = {
						CreatedOnToolsVersion = 12.4;
					};
				};
			};
			buildConfigurationList = 95379EFD25F8008100DB609F /* Build configuration list for PBXProject "WatchOSWeartherAppWithCoreLocations" */;
			compatibilityVersion = "Xcode 9.3";
			developmentRegion = en;
			hasScannedForEncodings = 0;
			knownRegions = (
				en,
				Base,
			);
			mainGroup = 95379EF925F8008100DB609F;
			productRefGroup = 95379F0325F8008100DB609F /* Products */;
			projectDirPath = "";
			projectRoot = "";
			targets = (
				95379F0125F8008100DB609F /* WatchOSWeartherAppWithCoreLocations */,
			);
		};
/* End PBXProject section */

/* Begin PBXResourcesBuildPhase section */
		95379F0025F8008100DB609F /* Resources */ = {
			isa = PBXResourcesBuildPhase;
			buildActionMask = 2147483647;
			files = (
				95379F0D25F8008200DB609F /* Preview Assets.xcassets in Resources */,
				95379F0A25F8008200DB609F /* Assets.xcassets in Resources */,
			);
			runOnlyForDeploymentPostprocessing = 0;
		};
/* End PBXResourcesBuildPhase section */

/* Begin PBXSourcesBuildPhase section */
		95379EFE25F8008100DB609F /* Sources */ = {
			isa = PBXSourcesBuildPhase;
			buildActionMask = 2147483647;
			files = (
				95379F1A25F8025F00DB609F /* NetworkManager.swift in Sources */,
				95379F0825F8008100DB609F /* ContentView.swift in Sources */,
				95379F0625F8008100DB609F /* WatchOSWeartherAppWithCoreLocationsApp.swift in Sources */,
				95379F1D25F8056300DB609F /* WeatherResponse.swift in Sources */,
				95379F2325F806F600DB609F /* WeatherCoordinates.swift in Sources */,
				95379F2025F8059000DB609F /* WeatherModel.swift in Sources */,
			);
			runOnlyForDeploymentPostprocessing = 0;
		};
/* End PBXSourcesBuildPhase section */

/* Begin XCBuildConfiguration section */
		95379F0F25F8008200DB609F /* Debug */ = {
			isa = XCBuildConfiguration;
			buildSettings = {
				ALWAYS_SEARCH_USER_PATHS = NO;
				CLANG_ANALYZER_NONNULL = YES;
				CLANG_ANALYZER_NUMBER_OBJECT_CONVERSION = YES_AGGRESSIVE;
				CLANG_CXX_LANGUAGE_STANDARD = "gnu++14";
				CLANG_CXX_LIBRARY = "libc++";
				CLANG_ENABLE_MODULES = YES;
				CLANG_ENABLE_OBJC_ARC = YES;
				CLANG_ENABLE_OBJC_WEAK = YES;
				CLANG_WARN_BLOCK_CAPTURE_AUTORELEASING = YES;
				CLANG_WARN_BOOL_CONVERSION = YES;
				CLANG_WARN_COMMA = YES;
				CLANG_WARN_CONSTANT_CONVERSION = YES;
				CLANG_WARN_DEPRECATED_OBJC_IMPLEMENTATIONS = YES;
				CLANG_WARN_DIRECT_OBJC_ISA_USAGE = YES_ERROR;
				CLANG_WARN_DOCUMENTATION_COMMENTS = YES;
				CLANG_WARN_EMPTY_BODY = YES;
				CLANG_WARN_ENUM_CONVERSION = YES;
				CLANG_WARN_INFINITE_RECURSION = YES;
				CLANG_WARN_INT_CONVERSION = YES;
				CLANG_WARN_NON_LITERAL_NULL_CONVERSION = YES;
				CLANG_WARN_OBJC_IMPLICIT_RETAIN_SELF = YES;
				CLANG_WARN_OBJC_LITERAL_CONVERSION = YES;
				CLANG_WARN_OBJC_ROOT_CLASS = YES_ERROR;
				CLANG_WARN_QUOTED_INCLUDE_IN_FRAMEWORK_HEADER = YES;
				CLANG_WARN_RANGE_LOOP_ANALYSIS = YES;
				CLANG_WARN_STRICT_PROTOTYPES = YES;
				CLANG_WARN_SUSPICIOUS_MOVE = YES;
				CLANG_WARN_UNGUARDED_AVAILABILITY = YES_AGGRESSIVE;
				CLANG_WARN_UNREACHABLE_CODE = YES;
				CLANG_WARN__DUPLICATE_METHOD_MATCH = YES;
				COPY_PHASE_STRIP = NO;
				DEBUG_INFORMATION_FORMAT = dwarf;
				ENABLE_STRICT_OBJC_MSGSEND = YES;
				ENABLE_TESTABILITY = YES;
				GCC_C_LANGUAGE_STANDARD = gnu11;
				GCC_DYNAMIC_NO_PIC = NO;
				GCC_NO_COMMON_BLOCKS = YES;
				GCC_OPTIMIZATION_LEVEL = 0;
				GCC_PREPROCESSOR_DEFINITIONS = (
					"DEBUG=1",
					"$(inherited)",
				);
				GCC_WARN_64_TO_32_BIT_CONVERSION = YES;
				GCC_WARN_ABOUT_RETURN_TYPE = YES_ERROR;
				GCC_WARN_UNDECLARED_SELECTOR = YES;
				GCC_WARN_UNINITIALIZED_AUTOS = YES_AGGRESSIVE;
				GCC_WARN_UNUSED_FUNCTION = YES;
				GCC_WARN_UNUSED_VARIABLE = YES;
				IPHONEOS_DEPLOYMENT_TARGET = 14.4;
				MTL_ENABLE_DEBUG_INFO = INCLUDE_SOURCE;
				MTL_FAST_MATH = YES;
				ONLY_ACTIVE_ARCH = YES;
				SDKROOT = iphoneos;
				SWIFT_ACTIVE_COMPILATION_CONDITIONS = DEBUG;
				SWIFT_OPTIMIZATION_LEVEL = "-Onone";
			};
			name = Debug;
		};
		95379F1025F8008200DB609F /* Release */ = {
			isa = XCBuildConfiguration;
			buildSettings = {
				ALWAYS_SEARCH_USER_PATHS = NO;
				CLANG_ANALYZER_NONNULL = YES;
				CLANG_ANALYZER_NUMBER_OBJECT_CONVERSION = YES_AGGRESSIVE;
				CLANG_CXX_LANGUAGE_STANDARD = "gnu++14";
				CLANG_CXX_LIBRARY = "libc++";
				CLANG_ENABLE_MODULES = YES;
				CLANG_ENABLE_OBJC_ARC = YES;
				CLANG_ENABLE_OBJC_WEAK = YES;
				CLANG_WARN_BLOCK_CAPTURE_AUTORELEASING = YES;
				CLANG_WARN_BOOL_CONVERSION = YES;
				CLANG_WARN_COMMA = YES;
				CLANG_WARN_CONSTANT_CONVERSION = YES;
				CLANG_WARN_DEPRECATED_OBJC_IMPLEMENTATIONS = YES;
				CLANG_WARN_DIRECT_OBJC_ISA_USAGE = YES_ERROR;
				CLANG_WARN_DOCUMENTATION_COMMENTS = YES;
				CLANG_WARN_EMPTY_BODY = YES;
				CLANG_WARN_ENUM_CONVERSION = YES;
				CLANG_WARN_INFINITE_RECURSION = YES;
				CLANG_WARN_INT_CONVERSION = YES;
				CLANG_WARN_NON_LITERAL_NULL_CONVERSION = YES;
				CLANG_WARN_OBJC_IMPLICIT_RETAIN_SELF = YES;
				CLANG_WARN_OBJC_LITERAL_CONVERSION = YES;
				CLANG_WARN_OBJC_ROOT_CLASS = YES_ERROR;
				CLANG_WARN_QUOTED_INCLUDE_IN_FRAMEWORK_HEADER = YES;
				CLANG_WARN_RANGE_LOOP_ANALYSIS = YES;
				CLANG_WARN_STRICT_PROTOTYPES = YES;
				CLANG_WARN_SUSPICIOUS_MOVE = YES;
				CLANG_WARN_UNGUARDED_AVAILABILITY = YES_AGGRESSIVE;
				CLANG_WARN_UNREACHABLE_CODE = YES;
				CLANG_WARN__DUPLICATE_METHOD_MATCH = YES;
				COPY_PHASE_STRIP = NO;
				DEBUG_INFORMATION_FORMAT = "dwarf-with-dsym";
				ENABLE_NS_ASSERTIONS = NO;
				ENABLE_STRICT_OBJC_MSGSEND = YES;
				GCC_C_LANGUAGE_STANDARD = gnu11;
				GCC_NO_COMMON_BLOCKS = YES;
				GCC_WARN_64_TO_32_BIT_CONVERSION = YES;
				GCC_WARN_ABOUT_RETURN_TYPE = YES_ERROR;
				GCC_WARN_UNDECLARED_SELECTOR = YES;
				GCC_WARN_UNINITIALIZED_AUTOS = YES_AGGRESSIVE;
				GCC_WARN_UNUSED_FUNCTION = YES;
				GCC_WARN_UNUSED_VARIABLE = YES;
				IPHONEOS_DEPLOYMENT_TARGET = 14.4;
				MTL_ENABLE_DEBUG_INFO = NO;
				MTL_FAST_MATH = YES;
				SDKROOT = iphoneos;
				SWIFT_COMPILATION_MODE = wholemodule;
				SWIFT_OPTIMIZATION_LEVEL = "-O";
				VALIDATE_PRODUCT = YES;
			};
			name = Release;
		};
		95379F1225F8008200DB609F /* Debug */ = {
			isa = XCBuildConfiguration;
			buildSettings = {
				ASSETCATALOG_COMPILER_APPICON_NAME = AppIcon;
				ASSETCATALOG_COMPILER_GLOBAL_ACCENT_COLOR_NAME = AccentColor;
				CODE_SIGN_STYLE = Automatic;
				DEVELOPMENT_ASSET_PATHS = "\"WatchOSWeartherAppWithCoreLocations/Preview Content\"";
				DEVELOPMENT_TEAM = L8W86DZDY2;
				ENABLE_PREVIEWS = YES;
				INFOPLIST_FILE = WatchOSWeartherAppWithCoreLocations/Info.plist;
				IPHONEOS_DEPLOYMENT_TARGET = 14.0;
				LD_RUNPATH_SEARCH_PATHS = (
					"$(inherited)",
					"@executable_path/Frameworks",
				);
				PRODUCT_BUNDLE_IDENTIFIER = com.ri.WatchOSWeartherAppWithCoreLocations;
				PRODUCT_NAME = "$(TARGET_NAME)";
				SWIFT_VERSION = 5.0;
				TARGETED_DEVICE_FAMILY = "1,2";
			};
			name = Debug;
		};
		95379F1325F8008200DB609F /* Release */ = {
			isa = XCBuildConfiguration;
			buildSettings = {
				ASSETCATALOG_COMPILER_APPICON_NAME = AppIcon;
				ASSETCATALOG_COMPILER_GLOBAL_ACCENT_COLOR_NAME = AccentColor;
				CODE_SIGN_STYLE = Automatic;
				DEVELOPMENT_ASSET_PATHS = "\"WatchOSWeartherAppWithCoreLocations/Preview Content\"";
				DEVELOPMENT_TEAM = L8W86DZDY2;
				ENABLE_PREVIEWS = YES;
				INFOPLIST_FILE = WatchOSWeartherAppWithCoreLocations/Info.plist;
				IPHONEOS_DEPLOYMENT_TARGET = 14.0;
				LD_RUNPATH_SEARCH_PATHS = (
					"$(inherited)",
					"@executable_path/Frameworks",
				);
				PRODUCT_BUNDLE_IDENTIFIER = com.ri.WatchOSWeartherAppWithCoreLocations;
				PRODUCT_NAME = "$(TARGET_NAME)";
				SWIFT_VERSION = 5.0;
				TARGETED_DEVICE_FAMILY = "1,2";
			};
			name = Release;
		};
/* End XCBuildConfiguration section */

/* Begin XCConfigurationList section */
		95379EFD25F8008100DB609F /* Build configuration list for PBXProject "WatchOSWeartherAppWithCoreLocations" */ = {
			isa = XCConfigurationList;
			buildConfigurations = (
				95379F0F25F8008200DB609F /* Debug */,
				95379F1025F8008200DB609F /* Release */,
			);
			defaultConfigurationIsVisible = 0;
			defaultConfigurationName = Release;
		};
		95379F1125F8008200DB609F /* Build configuration list for PBXNativeTarget "WatchOSWeartherAppWithCoreLocations" */ = {
			isa = XCConfigurationList;
			buildConfigurations = (
				95379F1225F8008200DB609F /* Debug */,
				95379F1325F8008200DB609F /* Release */,
			);
			defaultConfigurationIsVisible = 0;
			defaultConfigurationName = Release;
		};
/* End XCConfigurationList section */
	};
	rootObject = 95379EFA25F8008100DB609F /* Project object */;
}
